
Microsoft Visual Studio Solution File, Format Version 12.00
# Visual Studio Version 17
VisualStudioVersion = 17.3.32901.215
MinimumVisualStudioVersion = 10.0.40219.1
Project("{FAE04EC0-301F-11D3-BF4B-00C04F79EFBC}") = "BlackJack", "BlackJack\BlackJack.csproj", "{368972CD-6854-4B8B-9506-60C459ADDCF3}"
EndProject
Global
	GlobalSection(SolutionConfigurationPlatforms) = preSolution
		Debug|Any CPU = Debug|Any CPU
		Release|Any CPU = Release|Any CPU
	EndGlobalSection
	GlobalSection(ProjectConfigurationPlatforms) = postSolution
		{368972CD-6854-4B8B-9506-60C459ADDCF3}.Debug|Any CPU.ActiveCfg = Debug|Any CPU
		{368972CD-6854-4B8B-9506-60C459ADDCF3}.Debug|Any CPU.Build.0 = Debug|Any CPU
		{368972CD-6854-4B8B-9506-60C459ADDCF3}.Release|Any CPU.ActiveCfg = Release|Any CPU
		{368972CD-6854-4B8B-9506-60C459ADDCF3}.Release|Any CPU.Build.0 = Release|Any CPU
	EndGlobalSection
	GlobalSection(SolutionProperties) = preSolution
		HideSolutionNode = FALSE
	EndGlobalSection
	GlobalSection(ExtensibilityGlobals) = postSolution
		SolutionGuid = {C31B07E7-681C-42AC-B090-66971AC8AAEF}
	EndGlobalSection
EndGlobal
